// !$*UTF8*$!
{
	archiveVersion = 1;
	classes = {
	};
	objectVersion = 48;
	objects = {

/* Begin PBXBuildFile section */
		A6035D222014154700276379 /* RecipeTableViewCell.swift in Sources */ = {isa = PBXBuildFile; fileRef = A6035D212014154700276379 /* RecipeTableViewCell.swift */; };
		A6035D242014170400276379 /* Recipe.swift in Sources */ = {isa = PBXBuildFile; fileRef = A6035D232014170400276379 /* Recipe.swift */; };
		A6035D262014639200276379 /* RecipePageViewController.swift in Sources */ = {isa = PBXBuildFile; fileRef = A6035D252014639200276379 /* RecipePageViewController.swift */; };
		A6193711201389160008FD9A /* AppDelegate.swift in Sources */ = {isa = PBXBuildFile; fileRef = A6193710201389160008FD9A /* AppDelegate.swift */; };
		A6193715201389160008FD9A /* RecipeViewController.swift in Sources */ = {isa = PBXBuildFile; fileRef = A6193714201389160008FD9A /* RecipeViewController.swift */; };
		A6193718201389160008FD9A /* Main.storyboard in Resources */ = {isa = PBXBuildFile; fileRef = A6193716201389160008FD9A /* Main.storyboard */; };
		A619371A201389160008FD9A /* Assets.xcassets in Resources */ = {isa = PBXBuildFile; fileRef = A6193719201389160008FD9A /* Assets.xcassets */; };
		A619371D201389160008FD9A /* LaunchScreen.storyboard in Resources */ = {isa = PBXBuildFile; fileRef = A619371B201389160008FD9A /* LaunchScreen.storyboard */; };
		A6193728201389160008FD9A /* HackCambridge2018Tests.swift in Sources */ = {isa = PBXBuildFile; fileRef = A6193727201389160008FD9A /* HackCambridge2018Tests.swift */; };
		A6193733201389160008FD9A /* HackCambridge2018UITests.swift in Sources */ = {isa = PBXBuildFile; fileRef = A6193732201389160008FD9A /* HackCambridge2018UITests.swift */; };
		A619374120138CF40008FD9A /* UserViewController.swift in Sources */ = {isa = PBXBuildFile; fileRef = A619374020138CF40008FD9A /* UserViewController.swift */; };
		A61937432013928A0008FD9A /* FoodItemTableViewCell.swift in Sources */ = {isa = PBXBuildFile; fileRef = A61937422013928A0008FD9A /* FoodItemTableViewCell.swift */; };
		A61937472013B1AD0008FD9A /* FoodTableViewController.swift in Sources */ = {isa = PBXBuildFile; fileRef = A61937462013B1AD0008FD9A /* FoodTableViewController.swift */; };
		A61937492013BD000008FD9A /* Food.swift in Sources */ = {isa = PBXBuildFile; fileRef = A61937482013BD000008FD9A /* Food.swift */; };
		A619374B2013E0660008FD9A /* FoodViewController.swift in Sources */ = {isa = PBXBuildFile; fileRef = A619374A2013E0660008FD9A /* FoodViewController.swift */; };
/* End PBXBuildFile section */

/* Begin PBXContainerItemProxy section */
		A6193724201389160008FD9A /* PBXContainerItemProxy */ = {
			isa = PBXContainerItemProxy;
			containerPortal = A6193705201389150008FD9A /* Project object */;
			proxyType = 1;
			remoteGlobalIDString = A619370C201389150008FD9A;
			remoteInfo = HackCambridge2018;
		};
		A619372F201389160008FD9A /* PBXContainerItemProxy */ = {
			isa = PBXContainerItemProxy;
			containerPortal = A6193705201389150008FD9A /* Project object */;
			proxyType = 1;
			remoteGlobalIDString = A619370C201389150008FD9A;
			remoteInfo = HackCambridge2018;
		};
/* End PBXContainerItemProxy section */

/* Begin PBXFileReference section */
		A6035D212014154700276379 /* RecipeTableViewCell.swift */ = {isa = PBXFileReference; lastKnownFileType = sourcecode.swift; name = RecipeTableViewCell.swift; path = HackCambridge2018/Recipe/RecipeTableViewCell.swift; sourceTree = SOURCE_ROOT; };
		A6035D232014170400276379 /* Recipe.swift */ = {isa = PBXFileReference; lastKnownFileType = sourcecode.swift; path = Recipe.swift; sourceTree = "<group>"; };
		A6035D252014639200276379 /* RecipePageViewController.swift */ = {isa = PBXFileReference; lastKnownFileType = sourcecode.swift; path = RecipePageViewController.swift; sourceTree = "<group>"; };
		A619370D201389160008FD9A /* HackCambridge2018.app */ = {isa = PBXFileReference; explicitFileType = wrapper.application; includeInIndex = 0; path = HackCambridge2018.app; sourceTree = BUILT_PRODUCTS_DIR; };
		A6193710201389160008FD9A /* AppDelegate.swift */ = {isa = PBXFileReference; lastKnownFileType = sourcecode.swift; path = AppDelegate.swift; sourceTree = "<group>"; };
		A6193714201389160008FD9A /* RecipeViewController.swift */ = {isa = PBXFileReference; lastKnownFileType = sourcecode.swift; path = RecipeViewController.swift; sourceTree = "<group>"; };
		A6193717201389160008FD9A /* Base */ = {isa = PBXFileReference; lastKnownFileType = file.storyboard; name = Base; path = Base.lproj/Main.storyboard; sourceTree = "<group>"; };
		A6193719201389160008FD9A /* Assets.xcassets */ = {isa = PBXFileReference; lastKnownFileType = folder.assetcatalog; path = Assets.xcassets; sourceTree = "<group>"; };
		A619371C201389160008FD9A /* Base */ = {isa = PBXFileReference; lastKnownFileType = file.storyboard; name = Base; path = Base.lproj/LaunchScreen.storyboard; sourceTree = "<group>"; };
		A619371E201389160008FD9A /* Info.plist */ = {isa = PBXFileReference; lastKnownFileType = text.plist.xml; path = Info.plist; sourceTree = "<group>"; };
		A6193723201389160008FD9A /* HackCambridge2018Tests.xctest */ = {isa = PBXFileReference; explicitFileType = wrapper.cfbundle; includeInIndex = 0; path = HackCambridge2018Tests.xctest; sourceTree = BUILT_PRODUCTS_DIR; };
		A6193727201389160008FD9A /* HackCambridge2018Tests.swift */ = {isa = PBXFileReference; lastKnownFileType = sourcecode.swift; path = HackCambridge2018Tests.swift; sourceTree = "<group>"; };
		A6193729201389160008FD9A /* Info.plist */ = {isa = PBXFileReference; lastKnownFileType = text.plist.xml; path = Info.plist; sourceTree = "<group>"; };
		A619372E201389160008FD9A /* HackCambridge2018UITests.xctest */ = {isa = PBXFileReference; explicitFileType = wrapper.cfbundle; includeInIndex = 0; path = HackCambridge2018UITests.xctest; sourceTree = BUILT_PRODUCTS_DIR; };
		A6193732201389160008FD9A /* HackCambridge2018UITests.swift */ = {isa = PBXFileReference; lastKnownFileType = sourcecode.swift; path = HackCambridge2018UITests.swift; sourceTree = "<group>"; };
		A6193734201389160008FD9A /* Info.plist */ = {isa = PBXFileReference; lastKnownFileType = text.plist.xml; path = Info.plist; sourceTree = "<group>"; };
		A619374020138CF40008FD9A /* UserViewController.swift */ = {isa = PBXFileReference; lastKnownFileType = sourcecode.swift; path = UserViewController.swift; sourceTree = "<group>"; };
		A61937422013928A0008FD9A /* FoodItemTableViewCell.swift */ = {isa = PBXFileReference; lastKnownFileType = sourcecode.swift; path = FoodItemTableViewCell.swift; sourceTree = "<group>"; };
		A61937462013B1AD0008FD9A /* FoodTableViewController.swift */ = {isa = PBXFileReference; lastKnownFileType = sourcecode.swift; path = FoodTableViewController.swift; sourceTree = "<group>"; };
		A61937482013BD000008FD9A /* Food.swift */ = {isa = PBXFileReference; lastKnownFileType = sourcecode.swift; path = Food.swift; sourceTree = "<group>"; };
		A619374A2013E0660008FD9A /* FoodViewController.swift */ = {isa = PBXFileReference; lastKnownFileType = sourcecode.swift; path = FoodViewController.swift; sourceTree = "<group>"; };
/* End PBXFileReference section */

/* Begin PBXFrameworksBuildPhase section */
		A619370A201389150008FD9A /* Frameworks */ = {
			isa = PBXFrameworksBuildPhase;
			buildActionMask = 2147483647;
			files = (
			);
			runOnlyForDeploymentPostprocessing = 0;
		};
		A6193720201389160008FD9A /* Frameworks */ = {
			isa = PBXFrameworksBuildPhase;
			buildActionMask = 2147483647;
			files = (
			);
			runOnlyForDeploymentPostprocessing = 0;
		};
		A619372B201389160008FD9A /* Frameworks */ = {
			isa = PBXFrameworksBuildPhase;
			buildActionMask = 2147483647;
			files = (
			);
			runOnlyForDeploymentPostprocessing = 0;
		};
/* End PBXFrameworksBuildPhase section */

/* Begin PBXGroup section */
		A6193704201389150008FD9A = {
			isa = PBXGroup;
			children = (
				A619370F201389160008FD9A /* HackCambridge2018 */,
				A6193726201389160008FD9A /* HackCambridge2018Tests */,
				A6193731201389160008FD9A /* HackCambridge2018UITests */,
				A619370E201389160008FD9A /* Products */,
				A619374E2013F9870008FD9A /* Resources */,
			);
			sourceTree = "<group>";
		};
		A619370E201389160008FD9A /* Products */ = {
			isa = PBXGroup;
			children = (
				A619370D201389160008FD9A /* HackCambridge2018.app */,
				A6193723201389160008FD9A /* HackCambridge2018Tests.xctest */,
				A619372E201389160008FD9A /* HackCambridge2018UITests.xctest */,
			);
			name = Products;
			sourceTree = "<group>";
		};
		A619370F201389160008FD9A /* HackCambridge2018 */ = {
			isa = PBXGroup;
			children = (
				A61937522013FAF20008FD9A /* User */,
				A61937502013FADA0008FD9A /* Recipe */,
				A619374F2013FAD00008FD9A /* Food */,
				A6193710201389160008FD9A /* AppDelegate.swift */,
				A6193716201389160008FD9A /* Main.storyboard */,
				A6193719201389160008FD9A /* Assets.xcassets */,
				A619371B201389160008FD9A /* LaunchScreen.storyboard */,
				A619371E201389160008FD9A /* Info.plist */,
			);
			path = HackCambridge2018;
			sourceTree = "<group>";
		};
		A6193726201389160008FD9A /* HackCambridge2018Tests */ = {
			isa = PBXGroup;
			children = (
				A6193727201389160008FD9A /* HackCambridge2018Tests.swift */,
				A6193729201389160008FD9A /* Info.plist */,
			);
			path = HackCambridge2018Tests;
			sourceTree = "<group>";
		};
		A6193731201389160008FD9A /* HackCambridge2018UITests */ = {
			isa = PBXGroup;
			children = (
				A6193732201389160008FD9A /* HackCambridge2018UITests.swift */,
				A6193734201389160008FD9A /* Info.plist */,
			);
			path = HackCambridge2018UITests;
			sourceTree = "<group>";
		};
		A619374E2013F9870008FD9A /* Resources */ = {
			isa = PBXGroup;
			children = (
				A61937462013B1AD0008FD9A /* FoodTableViewController.swift */,
			);
			path = Resources;
			sourceTree = "<group>";
		};
		A619374F2013FAD00008FD9A /* Food */ = {
			isa = PBXGroup;
			children = (
				A619374A2013E0660008FD9A /* FoodViewController.swift */,
				A61937422013928A0008FD9A /* FoodItemTableViewCell.swift */,
				A61937482013BD000008FD9A /* Food.swift */,
			);
			path = Food;
			sourceTree = "<group>";
		};
		A61937502013FADA0008FD9A /* Recipe */ = {
			isa = PBXGroup;
			children = (
				A6193714201389160008FD9A /* RecipeViewController.swift */,
				A6035D212014154700276379 /* RecipeTableViewCell.swift */,
				A6035D232014170400276379 /* Recipe.swift */,
				A6035D252014639200276379 /* RecipePageViewController.swift */,
			);
			path = Recipe;
			sourceTree = "<group>";
		};
		A61937522013FAF20008FD9A /* User */ = {
			isa = PBXGroup;
			children = (
				A619374020138CF40008FD9A /* UserViewController.swift */,
			);
			path = User;
			sourceTree = "<group>";
		};
/* End PBXGroup section */

/* Begin PBXNativeTarget section */
		A619370C201389150008FD9A /* HackCambridge2018 */ = {
			isa = PBXNativeTarget;
			buildConfigurationList = A6193737201389160008FD9A /* Build configuration list for PBXNativeTarget "HackCambridge2018" */;
			buildPhases = (
				A6193709201389150008FD9A /* Sources */,
				A619370A201389150008FD9A /* Frameworks */,
				A619370B201389150008FD9A /* Resources */,
			);
			buildRules = (
			);
			dependencies = (
			);
			name = HackCambridge2018;
			productName = HackCambridge2018;
			productReference = A619370D201389160008FD9A /* HackCambridge2018.app */;
			productType = "com.apple.product-type.application";
		};
		A6193722201389160008FD9A /* HackCambridge2018Tests */ = {
			isa = PBXNativeTarget;
			buildConfigurationList = A619373A201389160008FD9A /* Build configuration list for PBXNativeTarget "HackCambridge2018Tests" */;
			buildPhases = (
				A619371F201389160008FD9A /* Sources */,
				A6193720201389160008FD9A /* Frameworks */,
				A6193721201389160008FD9A /* Resources */,
			);
			buildRules = (
			);
			dependencies = (
				A6193725201389160008FD9A /* PBXTargetDependency */,
			);
			name = HackCambridge2018Tests;
			productName = HackCambridge2018Tests;
			productReference = A6193723201389160008FD9A /* HackCambridge2018Tests.xctest */;
			productType = "com.apple.product-type.bundle.unit-test";
		};
		A619372D201389160008FD9A /* HackCambridge2018UITests */ = {
			isa = PBXNativeTarget;
			buildConfigurationList = A619373D201389160008FD9A /* Build configuration list for PBXNativeTarget "HackCambridge2018UITests" */;
			buildPhases = (
				A619372A201389160008FD9A /* Sources */,
				A619372B201389160008FD9A /* Frameworks */,
				A619372C201389160008FD9A /* Resources */,
			);
			buildRules = (
			);
			dependencies = (
				A6193730201389160008FD9A /* PBXTargetDependency */,
			);
			name = HackCambridge2018UITests;
			productName = HackCambridge2018UITests;
			productReference = A619372E201389160008FD9A /* HackCambridge2018UITests.xctest */;
			productType = "com.apple.product-type.bundle.ui-testing";
		};
/* End PBXNativeTarget section */

/* Begin PBXProject section */
		A6193705201389150008FD9A /* Project object */ = {
			isa = PBXProject;
			attributes = {
				LastSwiftUpdateCheck = 0920;
				LastUpgradeCheck = 0920;
				ORGANIZATIONNAME = "Women Hackers";
				TargetAttributes = {
					A619370C201389150008FD9A = {
						CreatedOnToolsVersion = 9.2;
						ProvisioningStyle = Automatic;
					};
					A6193722201389160008FD9A = {
						CreatedOnToolsVersion = 9.2;
						ProvisioningStyle = Automatic;
						TestTargetID = A619370C201389150008FD9A;
					};
					A619372D201389160008FD9A = {
						CreatedOnToolsVersion = 9.2;
						ProvisioningStyle = Automatic;
						TestTargetID = A619370C201389150008FD9A;
					};
				};
			};
			buildConfigurationList = A6193708201389150008FD9A /* Build configuration list for PBXProject "HackCambridge2018" */;
			compatibilityVersion = "Xcode 8.0";
			developmentRegion = en;
			hasScannedForEncodings = 0;
			knownRegions = (
				en,
				Base,
			);
			mainGroup = A6193704201389150008FD9A;
			productRefGroup = A619370E201389160008FD9A /* Products */;
			projectDirPath = "";
			projectRoot = "";
			targets = (
				A619370C201389150008FD9A /* HackCambridge2018 */,
				A6193722201389160008FD9A /* HackCambridge2018Tests */,
				A619372D201389160008FD9A /* HackCambridge2018UITests */,
			);
		};
/* End PBXProject section */

/* Begin PBXResourcesBuildPhase section */
		A619370B201389150008FD9A /* Resources */ = {
			isa = PBXResourcesBuildPhase;
			buildActionMask = 2147483647;
			files = (
				A619371D201389160008FD9A /* LaunchScreen.storyboard in Resources */,
				A619371A201389160008FD9A /* Assets.xcassets in Resources */,
				A6193718201389160008FD9A /* Main.storyboard in Resources */,
			);
			runOnlyForDeploymentPostprocessing = 0;
		};
		A6193721201389160008FD9A /* Resources */ = {
			isa = PBXResourcesBuildPhase;
			buildActionMask = 2147483647;
			files = (
			);
			runOnlyForDeploymentPostprocessing = 0;
		};
		A619372C201389160008FD9A /* Resources */ = {
			isa = PBXResourcesBuildPhase;
			buildActionMask = 2147483647;
			files = (
			);
			runOnlyForDeploymentPostprocessing = 0;
		};
/* End PBXResourcesBuildPhase section */

/* Begin PBXSourcesBuildPhase section */
		A6193709201389150008FD9A /* Sources */ = {
			isa = PBXSourcesBuildPhase;
			buildActionMask = 2147483647;
			files = (
				A61937432013928A0008FD9A /* FoodItemTableViewCell.swift in Sources */,
				A619374B2013E0660008FD9A /* FoodViewController.swift in Sources */,
				A6193715201389160008FD9A /* RecipeViewController.swift in Sources */,
				A619374120138CF40008FD9A /* UserViewController.swift in Sources */,
				A61937472013B1AD0008FD9A /* FoodTableViewController.swift in Sources */,
				A6193711201389160008FD9A /* AppDelegate.swift in Sources */,
				A6035D242014170400276379 /* Recipe.swift in Sources */,
				A61937492013BD000008FD9A /* Food.swift in Sources */,
				A6035D222014154700276379 /* RecipeTableViewCell.swift in Sources */,
				A6035D262014639200276379 /* RecipePageViewController.swift in Sources */,
			);
			runOnlyForDeploymentPostprocessing = 0;
		};
		A619371F201389160008FD9A /* Sources */ = {
			isa = PBXSourcesBuildPhase;
			buildActionMask = 2147483647;
			files = (
				A6193728201389160008FD9A /* HackCambridge2018Tests.swift in Sources */,
			);
			runOnlyForDeploymentPostprocessing = 0;
		};
		A619372A201389160008FD9A /* Sources */ = {
			isa = PBXSourcesBuildPhase;
			buildActionMask = 2147483647;
			files = (
				A6193733201389160008FD9A /* HackCambridge2018UITests.swift in Sources */,
			);
			runOnlyForDeploymentPostprocessing = 0;
		};
/* End PBXSourcesBuildPhase section */

/* Begin PBXTargetDependency section */
		A6193725201389160008FD9A /* PBXTargetDependency */ = {
			isa = PBXTargetDependency;
			target = A619370C201389150008FD9A /* HackCambridge2018 */;
			targetProxy = A6193724201389160008FD9A /* PBXContainerItemProxy */;
		};
		A6193730201389160008FD9A /* PBXTargetDependency */ = {
			isa = PBXTargetDependency;
			target = A619370C201389150008FD9A /* HackCambridge2018 */;
			targetProxy = A619372F201389160008FD9A /* PBXContainerItemProxy */;
		};
/* End PBXTargetDependency section */

/* Begin PBXVariantGroup section */
		A6193716201389160008FD9A /* Main.storyboard */ = {
			isa = PBXVariantGroup;
			children = (
				A6193717201389160008FD9A /* Base */,
			);
			name = Main.storyboard;
			sourceTree = "<group>";
		};
		A619371B201389160008FD9A /* LaunchScreen.storyboard */ = {
			isa = PBXVariantGroup;
			children = (
				A619371C201389160008FD9A /* Base */,
			);
			name = LaunchScreen.storyboard;
			sourceTree = "<group>";
		};
/* End PBXVariantGroup section */

/* Begin XCBuildConfiguration section */
		A6193735201389160008FD9A /* Debug */ = {
			isa = XCBuildConfiguration;
			buildSettings = {
				ALWAYS_SEARCH_USER_PATHS = NO;
				CLANG_ANALYZER_NONNULL = YES;
				CLANG_ANALYZER_NUMBER_OBJECT_CONVERSION = YES_AGGRESSIVE;
				CLANG_CXX_LANGUAGE_STANDARD = "gnu++14";
				CLANG_CXX_LIBRARY = "libc++";
				CLANG_ENABLE_MODULES = YES;
				CLANG_ENABLE_OBJC_ARC = YES;
				CLANG_WARN_BLOCK_CAPTURE_AUTORELEASING = YES;
				CLANG_WARN_BOOL_CONVERSION = YES;
				CLANG_WARN_COMMA = YES;
				CLANG_WARN_CONSTANT_CONVERSION = YES;
				CLANG_WARN_DIRECT_OBJC_ISA_USAGE = YES_ERROR;
				CLANG_WARN_DOCUMENTATION_COMMENTS = YES;
				CLANG_WARN_EMPTY_BODY = YES;
				CLANG_WARN_ENUM_CONVERSION = YES;
				CLANG_WARN_INFINITE_RECURSION = YES;
				CLANG_WARN_INT_CONVERSION = YES;
				CLANG_WARN_NON_LITERAL_NULL_CONVERSION = YES;
				CLANG_WARN_OBJC_LITERAL_CONVERSION = YES;
				CLANG_WARN_OBJC_ROOT_CLASS = YES_ERROR;
				CLANG_WARN_RANGE_LOOP_ANALYSIS = YES;
				CLANG_WARN_STRICT_PROTOTYPES = YES;
				CLANG_WARN_SUSPICIOUS_MOVE = YES;
				CLANG_WARN_UNGUARDED_AVAILABILITY = YES_AGGRESSIVE;
				CLANG_WARN_UNREACHABLE_CODE = YES;
				CLANG_WARN__DUPLICATE_METHOD_MATCH = YES;
				CODE_SIGN_IDENTITY = "iPhone Developer";
				COPY_PHASE_STRIP = NO;
				DEBUG_INFORMATION_FORMAT = dwarf;
				ENABLE_STRICT_OBJC_MSGSEND = YES;
				ENABLE_TESTABILITY = YES;
				GCC_C_LANGUAGE_STANDARD = gnu11;
				GCC_DYNAMIC_NO_PIC = NO;
				GCC_NO_COMMON_BLOCKS = YES;
				GCC_OPTIMIZATION_LEVEL = 0;
				GCC_PREPROCESSOR_DEFINITIONS = (
					"DEBUG=1",
					"$(inherited)",
				);
				GCC_WARN_64_TO_32_BIT_CONVERSION = YES;
				GCC_WARN_ABOUT_RETURN_TYPE = YES_ERROR;
				GCC_WARN_UNDECLARED_SELECTOR = YES;
				GCC_WARN_UNINITIALIZED_AUTOS = YES_AGGRESSIVE;
				GCC_WARN_UNUSED_FUNCTION = YES;
				GCC_WARN_UNUSED_VARIABLE = YES;
				IPHONEOS_DEPLOYMENT_TARGET = 11.2;
				MTL_ENABLE_DEBUG_INFO = YES;
				ONLY_ACTIVE_ARCH = YES;
				SDKROOT = iphoneos;
				SWIFT_ACTIVE_COMPILATION_CONDITIONS = DEBUG;
				SWIFT_OPTIMIZATION_LEVEL = "-Onone";
			};
			name = Debug;
		};
		A6193736201389160008FD9A /* Release */ = {
			isa = XCBuildConfiguration;
			buildSettings = {
				ALWAYS_SEARCH_USER_PATHS = NO;
				CLANG_ANALYZER_NONNULL = YES;
				CLANG_ANALYZER_NUMBER_OBJECT_CONVERSION = YES_AGGRESSIVE;
				CLANG_CXX_LANGUAGE_STANDARD = "gnu++14";
				CLANG_CXX_LIBRARY = "libc++";
				CLANG_ENABLE_MODULES = YES;
				CLANG_ENABLE_OBJC_ARC = YES;
				CLANG_WARN_BLOCK_CAPTURE_AUTORELEASING = YES;
				CLANG_WARN_BOOL_CONVERSION = YES;
				CLANG_WARN_COMMA = YES;
				CLANG_WARN_CONSTANT_CONVERSION = YES;
				CLANG_WARN_DIRECT_OBJC_ISA_USAGE = YES_ERROR;
				CLANG_WARN_DOCUMENTATION_COMMENTS = YES;
				CLANG_WARN_EMPTY_BODY = YES;
				CLANG_WARN_ENUM_CONVERSION = YES;
				CLANG_WARN_INFINITE_RECURSION = YES;
				CLANG_WARN_INT_CONVERSION = YES;
				CLANG_WARN_NON_LITERAL_NULL_CONVERSION = YES;
				CLANG_WARN_OBJC_LITERAL_CONVERSION = YES;
				CLANG_WARN_OBJC_ROOT_CLASS = YES_ERROR;
				CLANG_WARN_RANGE_LOOP_ANALYSIS = YES;
				CLANG_WARN_STRICT_PROTOTYPES = YES;
				CLANG_WARN_SUSPICIOUS_MOVE = YES;
				CLANG_WARN_UNGUARDED_AVAILABILITY = YES_AGGRESSIVE;
				CLANG_WARN_UNREACHABLE_CODE = YES;
				CLANG_WARN__DUPLICATE_METHOD_MATCH = YES;
				CODE_SIGN_IDENTITY = "iPhone Developer";
				COPY_PHASE_STRIP = NO;
				DEBUG_INFORMATION_FORMAT = "dwarf-with-dsym";
				ENABLE_NS_ASSERTIONS = NO;
				ENABLE_STRICT_OBJC_MSGSEND = YES;
				GCC_C_LANGUAGE_STANDARD = gnu11;
				GCC_NO_COMMON_BLOCKS = YES;
				GCC_WARN_64_TO_32_BIT_CONVERSION = YES;
				GCC_WARN_ABOUT_RETURN_TYPE = YES_ERROR;
				GCC_WARN_UNDECLARED_SELECTOR = YES;
				GCC_WARN_UNINITIALIZED_AUTOS = YES_AGGRESSIVE;
				GCC_WARN_UNUSED_FUNCTION = YES;
				GCC_WARN_UNUSED_VARIABLE = YES;
				IPHONEOS_DEPLOYMENT_TARGET = 11.2;
				MTL_ENABLE_DEBUG_INFO = NO;
				SDKROOT = iphoneos;
				SWIFT_OPTIMIZATION_LEVEL = "-Owholemodule";
				VALIDATE_PRODUCT = YES;
			};
			name = Release;
		};
		A6193738201389160008FD9A /* Debug */ = {
			isa = XCBuildConfiguration;
			buildSettings = {
				ASSETCATALOG_COMPILER_APPICON_NAME = AppIcon;
				CODE_SIGN_STYLE = Automatic;
				DEVELOPMENT_TEAM = VZK4KNL696;
				INFOPLIST_FILE = HackCambridge2018/Info.plist;
				LD_RUNPATH_SEARCH_PATHS = "$(inherited) @executable_path/Frameworks";
				PRODUCT_BUNDLE_IDENTIFIER = uk.HackCambridge2018;
				PRODUCT_NAME = "$(TARGET_NAME)";
				SWIFT_VERSION = 4.0;
				TARGETED_DEVICE_FAMILY = "1,2";
			};
			name = Debug;
		};
		A6193739201389160008FD9A /* Release */ = {
			isa = XCBuildConfiguration;
			buildSettings = {
				ASSETCATALOG_COMPILER_APPICON_NAME = AppIcon;
				CODE_SIGN_STYLE = Automatic;
				DEVELOPMENT_TEAM = VZK4KNL696;
				INFOPLIST_FILE = HackCambridge2018/Info.plist;
				LD_RUNPATH_SEARCH_PATHS = "$(inherited) @executable_path/Frameworks";
				PRODUCT_BUNDLE_IDENTIFIER = uk.HackCambridge2018;
				PRODUCT_NAME = "$(TARGET_NAME)";
				SWIFT_VERSION = 4.0;
				TARGETED_DEVICE_FAMILY = "1,2";
			};
			name = Release;
		};
		A619373B201389160008FD9A /* Debug */ = {
			isa = XCBuildConfiguration;
			buildSettings = {
				ALWAYS_EMBED_SWIFT_STANDARD_LIBRARIES = YES;
				BUNDLE_LOADER = "$(TEST_HOST)";
				CODE_SIGN_STYLE = Automatic;
				DEVELOPMENT_TEAM = VZK4KNL696;
				INFOPLIST_FILE = HackCambridge2018Tests/Info.plist;
				LD_RUNPATH_SEARCH_PATHS = "$(inherited) @executable_path/Frameworks @loader_path/Frameworks";
				PRODUCT_BUNDLE_IDENTIFIER = uk.HackCambridge2018Tests;
				PRODUCT_NAME = "$(TARGET_NAME)";
				SWIFT_VERSION = 4.0;
				TARGETED_DEVICE_FAMILY = "1,2";
				TEST_HOST = "$(BUILT_PRODUCTS_DIR)/HackCambridge2018.app/HackCambridge2018";
			};
			name = Debug;
		};
		A619373C201389160008FD9A /* Release */ = {
			isa = XCBuildConfiguration;
			buildSettings = {
				ALWAYS_EMBED_SWIFT_STANDARD_LIBRARIES = YES;
				BUNDLE_LOADER = "$(TEST_HOST)";
				CODE_SIGN_STYLE = Automatic;
				DEVELOPMENT_TEAM = VZK4KNL696;
				INFOPLIST_FILE = HackCambridge2018Tests/Info.plist;
				LD_RUNPATH_SEARCH_PATHS = "$(inherited) @executable_path/Frameworks @loader_path/Frameworks";
				PRODUCT_BUNDLE_IDENTIFIER = uk.HackCambridge2018Tests;
				PRODUCT_NAME = "$(TARGET_NAME)";
				SWIFT_VERSION = 4.0;
				TARGETED_DEVICE_FAMILY = "1,2";
				TEST_HOST = "$(BUILT_PRODUCTS_DIR)/HackCambridge2018.app/HackCambridge2018";
			};
			name = Release;
		};
		A619373E201389160008FD9A /* Debug */ = {
			isa = XCBuildConfiguration;
			buildSettings = {
				ALWAYS_EMBED_SWIFT_STANDARD_LIBRARIES = YES;
				CODE_SIGN_STYLE = Automatic;
				DEVELOPMENT_TEAM = VZK4KNL696;
				INFOPLIST_FILE = HackCambridge2018UITests/Info.plist;
				LD_RUNPATH_SEARCH_PATHS = "$(inherited) @executable_path/Frameworks @loader_path/Frameworks";
				PRODUCT_BUNDLE_IDENTIFIER = uk.HackCambridge2018UITests;
				PRODUCT_NAME = "$(TARGET_NAME)";
				SWIFT_VERSION = 4.0;
				TARGETED_DEVICE_FAMILY = "1,2";
				TEST_TARGET_NAME = HackCambridge2018;
			};
			name = Debug;
		};
		A619373F201389160008FD9A /* Release */ = {
			isa = XCBuildConfiguration;
			buildSettings = {
				ALWAYS_EMBED_SWIFT_STANDARD_LIBRARIES = YES;
				CODE_SIGN_STYLE = Automatic;
				DEVELOPMENT_TEAM = VZK4KNL696;
				INFOPLIST_FILE = HackCambridge2018UITests/Info.plist;
				LD_RUNPATH_SEARCH_PATHS = "$(inherited) @executable_path/Frameworks @loader_path/Frameworks";
				PRODUCT_BUNDLE_IDENTIFIER = uk.HackCambridge2018UITests;
				PRODUCT_NAME = "$(TARGET_NAME)";
				SWIFT_VERSION = 4.0;
				TARGETED_DEVICE_FAMILY = "1,2";
				TEST_TARGET_NAME = HackCambridge2018;
			};
			name = Release;
		};
/* End XCBuildConfiguration section */

/* Begin XCConfigurationList section */
		A6193708201389150008FD9A /* Build configuration list for PBXProject "HackCambridge2018" */ = {
			isa = XCConfigurationList;
			buildConfigurations = (
				A6193735201389160008FD9A /* Debug */,
				A6193736201389160008FD9A /* Release */,
			);
			defaultConfigurationIsVisible = 0;
			defaultConfigurationName = Release;
		};
		A6193737201389160008FD9A /* Build configuration list for PBXNativeTarget "HackCambridge2018" */ = {
			isa = XCConfigurationList;
			buildConfigurations = (
				A6193738201389160008FD9A /* Debug */,
				A6193739201389160008FD9A /* Release */,
			);
			defaultConfigurationIsVisible = 0;
			defaultConfigurationName = Release;
		};
		A619373A201389160008FD9A /* Build configuration list for PBXNativeTarget "HackCambridge2018Tests" */ = {
			isa = XCConfigurationList;
			buildConfigurations = (
				A619373B201389160008FD9A /* Debug */,
				A619373C201389160008FD9A /* Release */,
			);
			defaultConfigurationIsVisible = 0;
			defaultConfigurationName = Release;
		};
		A619373D201389160008FD9A /* Build configuration list for PBXNativeTarget "HackCambridge2018UITests" */ = {
			isa = XCConfigurationList;
			buildConfigurations = (
				A619373E201389160008FD9A /* Debug */,
				A619373F201389160008FD9A /* Release */,
			);
			defaultConfigurationIsVisible = 0;
			defaultConfigurationName = Release;
		};
/* End XCConfigurationList section */
	};
	rootObject = A6193705201389150008FD9A /* Project object */;
}
