// !$*UTF8*$!
{
	archiveVersion = 1;
	classes = {
	};
	objectVersion = 48;
	objects = {

/* Begin PBXBuildFile section */
		A63DDB71201382FF00DC4F72 /* AppDelegate.swift in Sources */ = {isa = PBXBuildFile; fileRef = A63DDB70201382FF00DC4F72 /* AppDelegate.swift */; };
		A63DDB73201382FF00DC4F72 /* ViewController.swift in Sources */ = {isa = PBXBuildFile; fileRef = A63DDB72201382FF00DC4F72 /* ViewController.swift */; };
		A63DDB75201382FF00DC4F72 /* Assets.xcassets in Resources */ = {isa = PBXBuildFile; fileRef = A63DDB74201382FF00DC4F72 /* Assets.xcassets */; };
		A63DDB78201382FF00DC4F72 /* Main.storyboard in Resources */ = {isa = PBXBuildFile; fileRef = A63DDB76201382FF00DC4F72 /* Main.storyboard */; };
		A63DDB84201382FF00DC4F72 /* HackCambridge2018Tests.swift in Sources */ = {isa = PBXBuildFile; fileRef = A63DDB83201382FF00DC4F72 /* HackCambridge2018Tests.swift */; };
		A63DDB8F201382FF00DC4F72 /* HackCambridge2018UITests.swift in Sources */ = {isa = PBXBuildFile; fileRef = A63DDB8E201382FF00DC4F72 /* HackCambridge2018UITests.swift */; };
/* End PBXBuildFile section */

/* Begin PBXContainerItemProxy section */
		A63DDB80201382FF00DC4F72 /* PBXContainerItemProxy */ = {
			isa = PBXContainerItemProxy;
			containerPortal = A63DDB65201382FF00DC4F72 /* Project object */;
			proxyType = 1;
			remoteGlobalIDString = A63DDB6C201382FF00DC4F72;
			remoteInfo = HackCambridge2018;
		};
		A63DDB8B201382FF00DC4F72 /* PBXContainerItemProxy */ = {
			isa = PBXContainerItemProxy;
			containerPortal = A63DDB65201382FF00DC4F72 /* Project object */;
			proxyType = 1;
			remoteGlobalIDString = A63DDB6C201382FF00DC4F72;
			remoteInfo = HackCambridge2018;
		};
/* End PBXContainerItemProxy section */

/* Begin PBXFileReference section */
		A63DDB6D201382FF00DC4F72 /* HackCambridge2018.app */ = {isa = PBXFileReference; explicitFileType = wrapper.application; includeInIndex = 0; path = HackCambridge2018.app; sourceTree = BUILT_PRODUCTS_DIR; };
		A63DDB70201382FF00DC4F72 /* AppDelegate.swift */ = {isa = PBXFileReference; lastKnownFileType = sourcecode.swift; path = AppDelegate.swift; sourceTree = "<group>"; };
		A63DDB72201382FF00DC4F72 /* ViewController.swift */ = {isa = PBXFileReference; lastKnownFileType = sourcecode.swift; path = ViewController.swift; sourceTree = "<group>"; };
		A63DDB74201382FF00DC4F72 /* Assets.xcassets */ = {isa = PBXFileReference; lastKnownFileType = folder.assetcatalog; path = Assets.xcassets; sourceTree = "<group>"; };
		A63DDB77201382FF00DC4F72 /* Base */ = {isa = PBXFileReference; lastKnownFileType = file.storyboard; name = Base; path = Base.lproj/Main.storyboard; sourceTree = "<group>"; };
		A63DDB79201382FF00DC4F72 /* Info.plist */ = {isa = PBXFileReference; lastKnownFileType = text.plist.xml; path = Info.plist; sourceTree = "<group>"; };
		A63DDB7A201382FF00DC4F72 /* HackCambridge2018.entitlements */ = {isa = PBXFileReference; lastKnownFileType = text.plist.entitlements; path = HackCambridge2018.entitlements; sourceTree = "<group>"; };
		A63DDB7F201382FF00DC4F72 /* HackCambridge2018Tests.xctest */ = {isa = PBXFileReference; explicitFileType = wrapper.cfbundle; includeInIndex = 0; path = HackCambridge2018Tests.xctest; sourceTree = BUILT_PRODUCTS_DIR; };
		A63DDB83201382FF00DC4F72 /* HackCambridge2018Tests.swift */ = {isa = PBXFileReference; lastKnownFileType = sourcecode.swift; path = HackCambridge2018Tests.swift; sourceTree = "<group>"; };
		A63DDB85201382FF00DC4F72 /* Info.plist */ = {isa = PBXFileReference; lastKnownFileType = text.plist.xml; path = Info.plist; sourceTree = "<group>"; };
		A63DDB8A201382FF00DC4F72 /* HackCambridge2018UITests.xctest */ = {isa = PBXFileReference; explicitFileType = wrapper.cfbundle; includeInIndex = 0; path = HackCambridge2018UITests.xctest; sourceTree = BUILT_PRODUCTS_DIR; };
		A63DDB8E201382FF00DC4F72 /* HackCambridge2018UITests.swift */ = {isa = PBXFileReference; lastKnownFileType = sourcecode.swift; path = HackCambridge2018UITests.swift; sourceTree = "<group>"; };
		A63DDB90201382FF00DC4F72 /* Info.plist */ = {isa = PBXFileReference; lastKnownFileType = text.plist.xml; path = Info.plist; sourceTree = "<group>"; };
/* End PBXFileReference section */

/* Begin PBXFrameworksBuildPhase section */
		A63DDB6A201382FF00DC4F72 /* Frameworks */ = {
			isa = PBXFrameworksBuildPhase;
			buildActionMask = 2147483647;
			files = (
			);
			runOnlyForDeploymentPostprocessing = 0;
		};
		A63DDB7C201382FF00DC4F72 /* Frameworks */ = {
			isa = PBXFrameworksBuildPhase;
			buildActionMask = 2147483647;
			files = (
			);
			runOnlyForDeploymentPostprocessing = 0;
		};
		A63DDB87201382FF00DC4F72 /* Frameworks */ = {
			isa = PBXFrameworksBuildPhase;
			buildActionMask = 2147483647;
			files = (
			);
			runOnlyForDeploymentPostprocessing = 0;
		};
/* End PBXFrameworksBuildPhase section */

/* Begin PBXGroup section */
		A63DDB64201382FF00DC4F72 = {
			isa = PBXGroup;
			children = (
				A63DDB6F201382FF00DC4F72 /* HackCambridge2018 */,
				A63DDB82201382FF00DC4F72 /* HackCambridge2018Tests */,
				A63DDB8D201382FF00DC4F72 /* HackCambridge2018UITests */,
				A63DDB6E201382FF00DC4F72 /* Products */,
			);
			sourceTree = "<group>";
		};
		A63DDB6E201382FF00DC4F72 /* Products */ = {
			isa = PBXGroup;
			children = (
				A63DDB6D201382FF00DC4F72 /* HackCambridge2018.app */,
				A63DDB7F201382FF00DC4F72 /* HackCambridge2018Tests.xctest */,
				A63DDB8A201382FF00DC4F72 /* HackCambridge2018UITests.xctest */,
			);
			name = Products;
			sourceTree = "<group>";
		};
		A63DDB6F201382FF00DC4F72 /* HackCambridge2018 */ = {
			isa = PBXGroup;
			children = (
				A63DDB70201382FF00DC4F72 /* AppDelegate.swift */,
				A63DDB72201382FF00DC4F72 /* ViewController.swift */,
				A63DDB74201382FF00DC4F72 /* Assets.xcassets */,
				A63DDB76201382FF00DC4F72 /* Main.storyboard */,
				A63DDB79201382FF00DC4F72 /* Info.plist */,
				A63DDB7A201382FF00DC4F72 /* HackCambridge2018.entitlements */,
			);
			path = HackCambridge2018;
			sourceTree = "<group>";
		};
		A63DDB82201382FF00DC4F72 /* HackCambridge2018Tests */ = {
			isa = PBXGroup;
			children = (
				A63DDB83201382FF00DC4F72 /* HackCambridge2018Tests.swift */,
				A63DDB85201382FF00DC4F72 /* Info.plist */,
			);
			path = HackCambridge2018Tests;
			sourceTree = "<group>";
		};
		A63DDB8D201382FF00DC4F72 /* HackCambridge2018UITests */ = {
			isa = PBXGroup;
			children = (
				A63DDB8E201382FF00DC4F72 /* HackCambridge2018UITests.swift */,
				A63DDB90201382FF00DC4F72 /* Info.plist */,
			);
			path = HackCambridge2018UITests;
			sourceTree = "<group>";
		};
/* End PBXGroup section */

/* Begin PBXNativeTarget section */
		A63DDB6C201382FF00DC4F72 /* HackCambridge2018 */ = {
			isa = PBXNativeTarget;
			buildConfigurationList = A63DDB93201382FF00DC4F72 /* Build configuration list for PBXNativeTarget "HackCambridge2018" */;
			buildPhases = (
				A63DDB69201382FF00DC4F72 /* Sources */,
				A63DDB6A201382FF00DC4F72 /* Frameworks */,
				A63DDB6B201382FF00DC4F72 /* Resources */,
			);
			buildRules = (
			);
			dependencies = (
			);
			name = HackCambridge2018;
			productName = HackCambridge2018;
			productReference = A63DDB6D201382FF00DC4F72 /* HackCambridge2018.app */;
			productType = "com.apple.product-type.application";
		};
		A63DDB7E201382FF00DC4F72 /* HackCambridge2018Tests */ = {
			isa = PBXNativeTarget;
			buildConfigurationList = A63DDB96201382FF00DC4F72 /* Build configuration list for PBXNativeTarget "HackCambridge2018Tests" */;
			buildPhases = (
				A63DDB7B201382FF00DC4F72 /* Sources */,
				A63DDB7C201382FF00DC4F72 /* Frameworks */,
				A63DDB7D201382FF00DC4F72 /* Resources */,
			);
			buildRules = (
			);
			dependencies = (
				A63DDB81201382FF00DC4F72 /* PBXTargetDependency */,
			);
			name = HackCambridge2018Tests;
			productName = HackCambridge2018Tests;
			productReference = A63DDB7F201382FF00DC4F72 /* HackCambridge2018Tests.xctest */;
			productType = "com.apple.product-type.bundle.unit-test";
		};
		A63DDB89201382FF00DC4F72 /* HackCambridge2018UITests */ = {
			isa = PBXNativeTarget;
			buildConfigurationList = A63DDB99201382FF00DC4F72 /* Build configuration list for PBXNativeTarget "HackCambridge2018UITests" */;
			buildPhases = (
				A63DDB86201382FF00DC4F72 /* Sources */,
				A63DDB87201382FF00DC4F72 /* Frameworks */,
				A63DDB88201382FF00DC4F72 /* Resources */,
			);
			buildRules = (
			);
			dependencies = (
				A63DDB8C201382FF00DC4F72 /* PBXTargetDependency */,
			);
			name = HackCambridge2018UITests;
			productName = HackCambridge2018UITests;
			productReference = A63DDB8A201382FF00DC4F72 /* HackCambridge2018UITests.xctest */;
			productType = "com.apple.product-type.bundle.ui-testing";
		};
/* End PBXNativeTarget section */

/* Begin PBXProject section */
		A63DDB65201382FF00DC4F72 /* Project object */ = {
			isa = PBXProject;
			attributes = {
				LastSwiftUpdateCheck = 0920;
				LastUpgradeCheck = 0920;
				ORGANIZATIONNAME = "Gamma Lab";
				TargetAttributes = {
					A63DDB6C201382FF00DC4F72 = {
						CreatedOnToolsVersion = 9.2;
						ProvisioningStyle = Automatic;
					};
					A63DDB7E201382FF00DC4F72 = {
						CreatedOnToolsVersion = 9.2;
						ProvisioningStyle = Automatic;
						TestTargetID = A63DDB6C201382FF00DC4F72;
					};
					A63DDB89201382FF00DC4F72 = {
						CreatedOnToolsVersion = 9.2;
						ProvisioningStyle = Automatic;
						TestTargetID = A63DDB6C201382FF00DC4F72;
					};
				};
			};
			buildConfigurationList = A63DDB68201382FF00DC4F72 /* Build configuration list for PBXProject "HackCambridge2018" */;
			compatibilityVersion = "Xcode 8.0";
			developmentRegion = en;
			hasScannedForEncodings = 0;
			knownRegions = (
				en,
				Base,
			);
			mainGroup = A63DDB64201382FF00DC4F72;
			productRefGroup = A63DDB6E201382FF00DC4F72 /* Products */;
			projectDirPath = "";
			projectRoot = "";
			targets = (
				A63DDB6C201382FF00DC4F72 /* HackCambridge2018 */,
				A63DDB7E201382FF00DC4F72 /* HackCambridge2018Tests */,
				A63DDB89201382FF00DC4F72 /* HackCambridge2018UITests */,
			);
		};
/* End PBXProject section */

/* Begin PBXResourcesBuildPhase section */
		A63DDB6B201382FF00DC4F72 /* Resources */ = {
			isa = PBXResourcesBuildPhase;
			buildActionMask = 2147483647;
			files = (
				A63DDB75201382FF00DC4F72 /* Assets.xcassets in Resources */,
				A63DDB78201382FF00DC4F72 /* Main.storyboard in Resources */,
			);
			runOnlyForDeploymentPostprocessing = 0;
		};
		A63DDB7D201382FF00DC4F72 /* Resources */ = {
			isa = PBXResourcesBuildPhase;
			buildActionMask = 2147483647;
			files = (
			);
			runOnlyForDeploymentPostprocessing = 0;
		};
		A63DDB88201382FF00DC4F72 /* Resources */ = {
			isa = PBXResourcesBuildPhase;
			buildActionMask = 2147483647;
			files = (
			);
			runOnlyForDeploymentPostprocessing = 0;
		};
/* End PBXResourcesBuildPhase section */

/* Begin PBXSourcesBuildPhase section */
		A63DDB69201382FF00DC4F72 /* Sources */ = {
			isa = PBXSourcesBuildPhase;
			buildActionMask = 2147483647;
			files = (
				A63DDB73201382FF00DC4F72 /* ViewController.swift in Sources */,
				A63DDB71201382FF00DC4F72 /* AppDelegate.swift in Sources */,
			);
			runOnlyForDeploymentPostprocessing = 0;
		};
		A63DDB7B201382FF00DC4F72 /* Sources */ = {
			isa = PBXSourcesBuildPhase;
			buildActionMask = 2147483647;
			files = (
				A63DDB84201382FF00DC4F72 /* HackCambridge2018Tests.swift in Sources */,
			);
			runOnlyForDeploymentPostprocessing = 0;
		};
		A63DDB86201382FF00DC4F72 /* Sources */ = {
			isa = PBXSourcesBuildPhase;
			buildActionMask = 2147483647;
			files = (
				A63DDB8F201382FF00DC4F72 /* HackCambridge2018UITests.swift in Sources */,
			);
			runOnlyForDeploymentPostprocessing = 0;
		};
/* End PBXSourcesBuildPhase section */

/* Begin PBXTargetDependency section */
		A63DDB81201382FF00DC4F72 /* PBXTargetDependency */ = {
			isa = PBXTargetDependency;
			target = A63DDB6C201382FF00DC4F72 /* HackCambridge2018 */;
			targetProxy = A63DDB80201382FF00DC4F72 /* PBXContainerItemProxy */;
		};
		A63DDB8C201382FF00DC4F72 /* PBXTargetDependency */ = {
			isa = PBXTargetDependency;
			target = A63DDB6C201382FF00DC4F72 /* HackCambridge2018 */;
			targetProxy = A63DDB8B201382FF00DC4F72 /* PBXContainerItemProxy */;
		};
/* End PBXTargetDependency section */

/* Begin PBXVariantGroup section */
		A63DDB76201382FF00DC4F72 /* Main.storyboard */ = {
			isa = PBXVariantGroup;
			children = (
				A63DDB77201382FF00DC4F72 /* Base */,
			);
			name = Main.storyboard;
			sourceTree = "<group>";
		};
/* End PBXVariantGroup section */

/* Begin XCBuildConfiguration section */
		A63DDB91201382FF00DC4F72 /* Debug */ = {
			isa = XCBuildConfiguration;
			buildSettings = {
				ALWAYS_SEARCH_USER_PATHS = NO;
				CLANG_ANALYZER_NONNULL = YES;
				CLANG_ANALYZER_NUMBER_OBJECT_CONVERSION = YES_AGGRESSIVE;
				CLANG_CXX_LANGUAGE_STANDARD = "gnu++14";
				CLANG_CXX_LIBRARY = "libc++";
				CLANG_ENABLE_MODULES = YES;
				CLANG_ENABLE_OBJC_ARC = YES;
				CLANG_WARN_BLOCK_CAPTURE_AUTORELEASING = YES;
				CLANG_WARN_BOOL_CONVERSION = YES;
				CLANG_WARN_COMMA = YES;
				CLANG_WARN_CONSTANT_CONVERSION = YES;
				CLANG_WARN_DIRECT_OBJC_ISA_USAGE = YES_ERROR;
				CLANG_WARN_DOCUMENTATION_COMMENTS = YES;
				CLANG_WARN_EMPTY_BODY = YES;
				CLANG_WARN_ENUM_CONVERSION = YES;
				CLANG_WARN_INFINITE_RECURSION = YES;
				CLANG_WARN_INT_CONVERSION = YES;
				CLANG_WARN_NON_LITERAL_NULL_CONVERSION = YES;
				CLANG_WARN_OBJC_LITERAL_CONVERSION = YES;
				CLANG_WARN_OBJC_ROOT_CLASS = YES_ERROR;
				CLANG_WARN_RANGE_LOOP_ANALYSIS = YES;
				CLANG_WARN_STRICT_PROTOTYPES = YES;
				CLANG_WARN_SUSPICIOUS_MOVE = YES;
				CLANG_WARN_UNGUARDED_AVAILABILITY = YES_AGGRESSIVE;
				CLANG_WARN_UNREACHABLE_CODE = YES;
				CLANG_WARN__DUPLICATE_METHOD_MATCH = YES;
				CODE_SIGN_IDENTITY = "Mac Developer";
				COPY_PHASE_STRIP = NO;
				DEBUG_INFORMATION_FORMAT = dwarf;
				ENABLE_STRICT_OBJC_MSGSEND = YES;
				ENABLE_TESTABILITY = YES;
				GCC_C_LANGUAGE_STANDARD = gnu11;
				GCC_DYNAMIC_NO_PIC = NO;
				GCC_NO_COMMON_BLOCKS = YES;
				GCC_OPTIMIZATION_LEVEL = 0;
				GCC_PREPROCESSOR_DEFINITIONS = (
					"DEBUG=1",
					"$(inherited)",
				);
				GCC_WARN_64_TO_32_BIT_CONVERSION = YES;
				GCC_WARN_ABOUT_RETURN_TYPE = YES_ERROR;
				GCC_WARN_UNDECLARED_SELECTOR = YES;
				GCC_WARN_UNINITIALIZED_AUTOS = YES_AGGRESSIVE;
				GCC_WARN_UNUSED_FUNCTION = YES;
				GCC_WARN_UNUSED_VARIABLE = YES;
				MACOSX_DEPLOYMENT_TARGET = 10.13;
				MTL_ENABLE_DEBUG_INFO = YES;
				ONLY_ACTIVE_ARCH = YES;
				SDKROOT = macosx;
				SWIFT_ACTIVE_COMPILATION_CONDITIONS = DEBUG;
				SWIFT_OPTIMIZATION_LEVEL = "-Onone";
			};
			name = Debug;
		};
		A63DDB92201382FF00DC4F72 /* Release */ = {
			isa = XCBuildConfiguration;
			buildSettings = {
				ALWAYS_SEARCH_USER_PATHS = NO;
				CLANG_ANALYZER_NONNULL = YES;
				CLANG_ANALYZER_NUMBER_OBJECT_CONVERSION = YES_AGGRESSIVE;
				CLANG_CXX_LANGUAGE_STANDARD = "gnu++14";
				CLANG_CXX_LIBRARY = "libc++";
				CLANG_ENABLE_MODULES = YES;
				CLANG_ENABLE_OBJC_ARC = YES;
				CLANG_WARN_BLOCK_CAPTURE_AUTORELEASING = YES;
				CLANG_WARN_BOOL_CONVERSION = YES;
				CLANG_WARN_COMMA = YES;
				CLANG_WARN_CONSTANT_CONVERSION = YES;
				CLANG_WARN_DIRECT_OBJC_ISA_USAGE = YES_ERROR;
				CLANG_WARN_DOCUMENTATION_COMMENTS = YES;
				CLANG_WARN_EMPTY_BODY = YES;
				CLANG_WARN_ENUM_CONVERSION = YES;
				CLANG_WARN_INFINITE_RECURSION = YES;
				CLANG_WARN_INT_CONVERSION = YES;
				CLANG_WARN_NON_LITERAL_NULL_CONVERSION = YES;
				CLANG_WARN_OBJC_LITERAL_CONVERSION = YES;
				CLANG_WARN_OBJC_ROOT_CLASS = YES_ERROR;
				CLANG_WARN_RANGE_LOOP_ANALYSIS = YES;
				CLANG_WARN_STRICT_PROTOTYPES = YES;
				CLANG_WARN_SUSPICIOUS_MOVE = YES;
				CLANG_WARN_UNGUARDED_AVAILABILITY = YES_AGGRESSIVE;
				CLANG_WARN_UNREACHABLE_CODE = YES;
				CLANG_WARN__DUPLICATE_METHOD_MATCH = YES;
				CODE_SIGN_IDENTITY = "Mac Developer";
				COPY_PHASE_STRIP = NO;
				DEBUG_INFORMATION_FORMAT = "dwarf-with-dsym";
				ENABLE_NS_ASSERTIONS = NO;
				ENABLE_STRICT_OBJC_MSGSEND = YES;
				GCC_C_LANGUAGE_STANDARD = gnu11;
				GCC_NO_COMMON_BLOCKS = YES;
				GCC_WARN_64_TO_32_BIT_CONVERSION = YES;
				GCC_WARN_ABOUT_RETURN_TYPE = YES_ERROR;
				GCC_WARN_UNDECLARED_SELECTOR = YES;
				GCC_WARN_UNINITIALIZED_AUTOS = YES_AGGRESSIVE;
				GCC_WARN_UNUSED_FUNCTION = YES;
				GCC_WARN_UNUSED_VARIABLE = YES;
				MACOSX_DEPLOYMENT_TARGET = 10.13;
				MTL_ENABLE_DEBUG_INFO = NO;
				SDKROOT = macosx;
				SWIFT_OPTIMIZATION_LEVEL = "-Owholemodule";
			};
			name = Release;
		};
		A63DDB94201382FF00DC4F72 /* Debug */ = {
			isa = XCBuildConfiguration;
			buildSettings = {
				ASSETCATALOG_COMPILER_APPICON_NAME = AppIcon;
				CODE_SIGN_ENTITLEMENTS = HackCambridge2018/HackCambridge2018.entitlements;
				CODE_SIGN_STYLE = Automatic;
				COMBINE_HIDPI_IMAGES = YES;
				DEVELOPMENT_TEAM = VZK4KNL696;
				INFOPLIST_FILE = HackCambridge2018/Info.plist;
				LD_RUNPATH_SEARCH_PATHS = "$(inherited) @executable_path/../Frameworks";
				PRODUCT_BUNDLE_IDENTIFIER = cs.unc.edu.HackCambridge2018;
				PRODUCT_NAME = "$(TARGET_NAME)";
				SWIFT_VERSION = 4.0;
			};
			name = Debug;
		};
		A63DDB95201382FF00DC4F72 /* Release */ = {
			isa = XCBuildConfiguration;
			buildSettings = {
				ASSETCATALOG_COMPILER_APPICON_NAME = AppIcon;
				CODE_SIGN_ENTITLEMENTS = HackCambridge2018/HackCambridge2018.entitlements;
				CODE_SIGN_STYLE = Automatic;
				COMBINE_HIDPI_IMAGES = YES;
				DEVELOPMENT_TEAM = VZK4KNL696;
				INFOPLIST_FILE = HackCambridge2018/Info.plist;
				LD_RUNPATH_SEARCH_PATHS = "$(inherited) @executable_path/../Frameworks";
				PRODUCT_BUNDLE_IDENTIFIER = cs.unc.edu.HackCambridge2018;
				PRODUCT_NAME = "$(TARGET_NAME)";
				SWIFT_VERSION = 4.0;
			};
			name = Release;
		};
		A63DDB97201382FF00DC4F72 /* Debug */ = {
			isa = XCBuildConfiguration;
			buildSettings = {
				ALWAYS_EMBED_SWIFT_STANDARD_LIBRARIES = YES;
				BUNDLE_LOADER = "$(TEST_HOST)";
				CODE_SIGN_STYLE = Automatic;
				COMBINE_HIDPI_IMAGES = YES;
				DEVELOPMENT_TEAM = VZK4KNL696;
				INFOPLIST_FILE = HackCambridge2018Tests/Info.plist;
				LD_RUNPATH_SEARCH_PATHS = "$(inherited) @executable_path/../Frameworks @loader_path/../Frameworks";
				PRODUCT_BUNDLE_IDENTIFIER = cs.unc.edu.HackCambridge2018Tests;
				PRODUCT_NAME = "$(TARGET_NAME)";
				SWIFT_VERSION = 4.0;
				TEST_HOST = "$(BUILT_PRODUCTS_DIR)/HackCambridge2018.app/Contents/MacOS/HackCambridge2018";
			};
			name = Debug;
		};
		A63DDB98201382FF00DC4F72 /* Release */ = {
			isa = XCBuildConfiguration;
			buildSettings = {
				ALWAYS_EMBED_SWIFT_STANDARD_LIBRARIES = YES;
				BUNDLE_LOADER = "$(TEST_HOST)";
				CODE_SIGN_STYLE = Automatic;
				COMBINE_HIDPI_IMAGES = YES;
				DEVELOPMENT_TEAM = VZK4KNL696;
				INFOPLIST_FILE = HackCambridge2018Tests/Info.plist;
				LD_RUNPATH_SEARCH_PATHS = "$(inherited) @executable_path/../Frameworks @loader_path/../Frameworks";
				PRODUCT_BUNDLE_IDENTIFIER = cs.unc.edu.HackCambridge2018Tests;
				PRODUCT_NAME = "$(TARGET_NAME)";
				SWIFT_VERSION = 4.0;
				TEST_HOST = "$(BUILT_PRODUCTS_DIR)/HackCambridge2018.app/Contents/MacOS/HackCambridge2018";
			};
			name = Release;
		};
		A63DDB9A201382FF00DC4F72 /* Debug */ = {
			isa = XCBuildConfiguration;
			buildSettings = {
				ALWAYS_EMBED_SWIFT_STANDARD_LIBRARIES = YES;
				CODE_SIGN_STYLE = Automatic;
				COMBINE_HIDPI_IMAGES = YES;
				DEVELOPMENT_TEAM = VZK4KNL696;
				INFOPLIST_FILE = HackCambridge2018UITests/Info.plist;
				LD_RUNPATH_SEARCH_PATHS = "$(inherited) @executable_path/../Frameworks @loader_path/../Frameworks";
				PRODUCT_BUNDLE_IDENTIFIER = cs.unc.edu.HackCambridge2018UITests;
				PRODUCT_NAME = "$(TARGET_NAME)";
				SWIFT_VERSION = 4.0;
				TEST_TARGET_NAME = HackCambridge2018;
			};
			name = Debug;
		};
		A63DDB9B201382FF00DC4F72 /* Release */ = {
			isa = XCBuildConfiguration;
			buildSettings = {
				ALWAYS_EMBED_SWIFT_STANDARD_LIBRARIES = YES;
				CODE_SIGN_STYLE = Automatic;
				COMBINE_HIDPI_IMAGES = YES;
				DEVELOPMENT_TEAM = VZK4KNL696;
				INFOPLIST_FILE = HackCambridge2018UITests/Info.plist;
				LD_RUNPATH_SEARCH_PATHS = "$(inherited) @executable_path/../Frameworks @loader_path/../Frameworks";
				PRODUCT_BUNDLE_IDENTIFIER = cs.unc.edu.HackCambridge2018UITests;
				PRODUCT_NAME = "$(TARGET_NAME)";
				SWIFT_VERSION = 4.0;
				TEST_TARGET_NAME = HackCambridge2018;
			};
			name = Release;
		};
/* End XCBuildConfiguration section */

/* Begin XCConfigurationList section */
		A63DDB68201382FF00DC4F72 /* Build configuration list for PBXProject "HackCambridge2018" */ = {
			isa = XCConfigurationList;
			buildConfigurations = (
				A63DDB91201382FF00DC4F72 /* Debug */,
				A63DDB92201382FF00DC4F72 /* Release */,
			);
			defaultConfigurationIsVisible = 0;
			defaultConfigurationName = Release;
		};
		A63DDB93201382FF00DC4F72 /* Build configuration list for PBXNativeTarget "HackCambridge2018" */ = {
			isa = XCConfigurationList;
			buildConfigurations = (
				A63DDB94201382FF00DC4F72 /* Debug */,
				A63DDB95201382FF00DC4F72 /* Release */,
			);
			defaultConfigurationIsVisible = 0;
			defaultConfigurationName = Release;
		};
		A63DDB96201382FF00DC4F72 /* Build configuration list for PBXNativeTarget "HackCambridge2018Tests" */ = {
			isa = XCConfigurationList;
			buildConfigurations = (
				A63DDB97201382FF00DC4F72 /* Debug */,
				A63DDB98201382FF00DC4F72 /* Release */,
			);
			defaultConfigurationIsVisible = 0;
			defaultConfigurationName = Release;
		};
		A63DDB99201382FF00DC4F72 /* Build configuration list for PBXNativeTarget "HackCambridge2018UITests" */ = {
			isa = XCConfigurationList;
			buildConfigurations = (
				A63DDB9A201382FF00DC4F72 /* Debug */,
				A63DDB9B201382FF00DC4F72 /* Release */,
			);
			defaultConfigurationIsVisible = 0;
			defaultConfigurationName = Release;
		};
/* End XCConfigurationList section */
	};
	rootObject = A63DDB65201382FF00DC4F72 /* Project object */;
}
